Microsoft Visual Studio Solution File, Format Version 12.00
# Visual Studio Version 16
VisualStudioVersion = 16.0.28721.148
MinimumVisualStudioVersion = 15.0.26124.0
Project("{9A19103F-16F7-4668-BE54-9A1E7A4F7556}") = "Traducir.Migrations", "Traducir.Migrations\Traducir.Migrations.csproj", "{4C017B12-4268-4976-950F-BF864B40A74E}"
EndProject
Project("{9A19103F-16F7-4668-BE54-9A1E7A4F7556}") = "Traducir.Core", "Traducir.Core\Traducir.Core.csproj", "{3C96AC2E-8595-4861-BA12-79AA3E4E7793}"
EndProject
Project("{2150E333-8FDC-42A3-9474-1A3956D46DE8}") = "Solution Items", "Solution Items", "{8B7040D6-BAA7-4677-9B38-D25CE1B46FFD}"
EndProject
Project("{9A19103F-16F7-4668-BE54-9A1E7A4F7556}") = "Traducir.Web", "Traducir.Web\Traducir.Web.csproj", "{FB1119B4-CFC8-4EEA-801F-6DA22C52580C}"
EndProject
Global
	GlobalSection(SolutionConfigurationPlatforms) = preSolution
		Debug|Any CPU = Debug|Any CPU
		Debug|x64 = Debug|x64
		Debug|x86 = Debug|x86
		Local|Any CPU = Local|Any CPU
		Local|x64 = Local|x64
		Local|x86 = Local|x86
		Release|Any CPU = Release|Any CPU
		Release|x64 = Release|x64
		Release|x86 = Release|x86
	EndGlobalSection
	GlobalSection(ProjectConfigurationPlatforms) = postSolution
		{4C017B12-4268-4976-950F-BF864B40A74E}.Debug|Any CPU.ActiveCfg = Debug|Any CPU
		{4C017B12-4268-4976-950F-BF864B40A74E}.Debug|Any CPU.Build.0 = Debug|Any CPU
		{4C017B12-4268-4976-950F-BF864B40A74E}.Debug|x64.ActiveCfg = Debug|Any CPU
		{4C017B12-4268-4976-950F-BF864B40A74E}.Debug|x64.Build.0 = Debug|Any CPU
		{4C017B12-4268-4976-950F-BF864B40A74E}.Debug|x86.ActiveCfg = Debug|Any CPU
		{4C017B12-4268-4976-950F-BF864B40A74E}.Debug|x86.Build.0 = Debug|Any CPU
		{4C017B12-4268-4976-950F-BF864B40A74E}.Local|Any CPU.ActiveCfg = Local|Any CPU
		{4C017B12-4268-4976-950F-BF864B40A74E}.Local|Any CPU.Build.0 = Local|Any CPU
		{4C017B12-4268-4976-950F-BF864B40A74E}.Local|x64.ActiveCfg = Local|Any CPU
		{4C017B12-4268-4976-950F-BF864B40A74E}.Local|x64.Build.0 = Local|Any CPU
		{4C017B12-4268-4976-950F-BF864B40A74E}.Local|x86.ActiveCfg = Local|Any CPU
		{4C017B12-4268-4976-950F-BF864B40A74E}.Local|x86.Build.0 = Local|Any CPU
		{4C017B12-4268-4976-950F-BF864B40A74E}.Release|Any CPU.ActiveCfg = Release|Any CPU
		{4C017B12-4268-4976-950F-BF864B40A74E}.Release|Any CPU.Build.0 = Release|Any CPU
		{4C017B12-4268-4976-950F-BF864B40A74E}.Release|x64.ActiveCfg = Release|Any CPU
		{4C017B12-4268-4976-950F-BF864B40A74E}.Release|x64.Build.0 = Release|Any CPU
		{4C017B12-4268-4976-950F-BF864B40A74E}.Release|x86.ActiveCfg = Release|Any CPU
		{4C017B12-4268-4976-950F-BF864B40A74E}.Release|x86.Build.0 = Release|Any CPU
		{3C96AC2E-8595-4861-BA12-79AA3E4E7793}.Debug|Any CPU.ActiveCfg = Debug|Any CPU
		{3C96AC2E-8595-4861-BA12-79AA3E4E7793}.Debug|Any CPU.Build.0 = Debug|Any CPU
		{3C96AC2E-8595-4861-BA12-79AA3E4E7793}.Debug|x64.ActiveCfg = Debug|Any CPU
		{3C96AC2E-8595-4861-BA12-79AA3E4E7793}.Debug|x64.Build.0 = Debug|Any CPU
		{3C96AC2E-8595-4861-BA12-79AA3E4E7793}.Debug|x86.ActiveCfg = Debug|Any CPU
		{3C96AC2E-8595-4861-BA12-79AA3E4E7793}.Debug|x86.Build.0 = Debug|Any CPU
		{3C96AC2E-8595-4861-BA12-79AA3E4E7793}.Local|Any CPU.ActiveCfg = Local|Any CPU
		{3C96AC2E-8595-4861-BA12-79AA3E4E7793}.Local|Any CPU.Build.0 = Local|Any CPU
		{3C96AC2E-8595-4861-BA12-79AA3E4E7793}.Local|x64.ActiveCfg = Local|Any CPU
		{3C96AC2E-8595-4861-BA12-79AA3E4E7793}.Local|x64.Build.0 = Local|Any CPU
		{3C96AC2E-8595-4861-BA12-79AA3E4E7793}.Local|x86.ActiveCfg = Local|Any CPU
		{3C96AC2E-8595-4861-BA12-79AA3E4E7793}.Local|x86.Build.0 = Local|Any CPU
		{3C96AC2E-8595-4861-BA12-79AA3E4E7793}.Release|Any CPU.ActiveCfg = Release|Any CPU
		{3C96AC2E-8595-4861-BA12-79AA3E4E7793}.Release|Any CPU.Build.0 = Release|Any CPU
		{3C96AC2E-8595-4861-BA12-79AA3E4E7793}.Release|x64.ActiveCfg = Release|Any CPU
		{3C96AC2E-8595-4861-BA12-79AA3E4E7793}.Release|x64.Build.0 = Release|Any CPU
		{3C96AC2E-8595-4861-BA12-79AA3E4E7793}.Release|x86.ActiveCfg = Release|Any CPU
		{3C96AC2E-8595-4861-BA12-79AA3E4E7793}.Release|x86.Build.0 = Release|Any CPU
		{FB1119B4-CFC8-4EEA-801F-6DA22C52580C}.Debug|Any CPU.ActiveCfg = Debug|Any CPU
		{FB1119B4-CFC8-4EEA-801F-6DA22C52580C}.Debug|Any CPU.Build.0 = Debug|Any CPU
		{FB1119B4-CFC8-4EEA-801F-6DA22C52580C}.Debug|x64.ActiveCfg = Debug|Any CPU
		{FB1119B4-CFC8-4EEA-801F-6DA22C52580C}.Debug|x64.Build.0 = Debug|Any CPU
		{FB1119B4-CFC8-4EEA-801F-6DA22C52580C}.Debug|x86.ActiveCfg = Debug|Any CPU
		{FB1119B4-CFC8-4EEA-801F-6DA22C52580C}.Debug|x86.Build.0 = Debug|Any CPU
		{FB1119B4-CFC8-4EEA-801F-6DA22C52580C}.Local|Any CPU.ActiveCfg = Local|Any CPU
		{FB1119B4-CFC8-4EEA-801F-6DA22C52580C}.Local|Any CPU.Build.0 = Local|Any CPU
		{FB1119B4-CFC8-4EEA-801F-6DA22C52580C}.Local|x64.ActiveCfg = Local|Any CPU
		{FB1119B4-CFC8-4EEA-801F-6DA22C52580C}.Local|x64.Build.0 = Local|Any CPU
		{FB1119B4-CFC8-4EEA-801F-6DA22C52580C}.Local|x86.ActiveCfg = Local|Any CPU
		{FB1119B4-CFC8-4EEA-801F-6DA22C52580C}.Local|x86.Build.0 = Local|Any CPU
		{FB1119B4-CFC8-4EEA-801F-6DA22C52580C}.Release|Any CPU.ActiveCfg = Release|Any CPU
		{FB1119B4-CFC8-4EEA-801F-6DA22C52580C}.Release|Any CPU.Build.0 = Release|Any CPU
		{FB1119B4-CFC8-4EEA-801F-6DA22C52580C}.Release|x64.ActiveCfg = Release|Any CPU
		{FB1119B4-CFC8-4EEA-801F-6DA22C52580C}.Release|x64.Build.0 = Release|Any CPU
		{FB1119B4-CFC8-4EEA-801F-6DA22C52580C}.Release|x86.ActiveCfg = Release|Any CPU
		{FB1119B4-CFC8-4EEA-801F-6DA22C52580C}.Release|x86.Build.0 = Release|Any CPU
	EndGlobalSection
	GlobalSection(SolutionProperties) = preSolution
		HideSolutionNode = FALSE
	EndGlobalSection
	GlobalSection(ExtensibilityGlobals) = postSolution
		SolutionGuid = {53D75694-53F3-4F75-B72D-1191707C9CEA}
	EndGlobalSection
EndGlobal
